// !$*UTF8*$!
{
	archiveVersion = 1;
	classes = {
	};
	objectVersion = 46;
	objects = {

/* Begin PBXBuildFile section */
		6C55F0B14EA127C7628447A9 /* Pods_PinboardTests.framework in Frameworks */ = {isa = PBXBuildFile; fileRef = 5DF5D9AFF25FFAFB74F7DBF3 /* Pods_PinboardTests.framework */; };
		8385957F541942E9C49DEC00 /* Pods_Pinboard.framework in Frameworks */ = {isa = PBXBuildFile; fileRef = F9C33B8BB5EB8993946D0B87 /* Pods_Pinboard.framework */; };
		A3121AB91FC3F2C3009FA204 /* AppDelegate.swift in Sources */ = {isa = PBXBuildFile; fileRef = A3121AB81FC3F2C3009FA204 /* AppDelegate.swift */; };
		A3121ABB1FC3F2C3009FA204 /* ViewController.swift in Sources */ = {isa = PBXBuildFile; fileRef = A3121ABA1FC3F2C3009FA204 /* ViewController.swift */; };
		A3121ABE1FC3F2C3009FA204 /* Main.storyboard in Resources */ = {isa = PBXBuildFile; fileRef = A3121ABC1FC3F2C3009FA204 /* Main.storyboard */; };
		A3121AC01FC3F2C3009FA204 /* Assets.xcassets in Resources */ = {isa = PBXBuildFile; fileRef = A3121ABF1FC3F2C3009FA204 /* Assets.xcassets */; };
		A3121AC31FC3F2C3009FA204 /* LaunchScreen.storyboard in Resources */ = {isa = PBXBuildFile; fileRef = A3121AC11FC3F2C3009FA204 /* LaunchScreen.storyboard */; };
		A3121ACE1FC3F2C3009FA204 /* PinboardTests.swift in Sources */ = {isa = PBXBuildFile; fileRef = A3121ACD1FC3F2C3009FA204 /* PinboardTests.swift */; };
		A3121AD91FC3F2C3009FA204 /* PinboardUITests.swift in Sources */ = {isa = PBXBuildFile; fileRef = A3121AD81FC3F2C3009FA204 /* PinboardUITests.swift */; };
		A3DB6BFC1FC47D4800E3C0BC /* SpinWheelWedgeImageView.swift in Sources */ = {isa = PBXBuildFile; fileRef = A3DB6BFB1FC47D4800E3C0BC /* SpinWheelWedgeImageView.swift */; };
		A3DB6BFF1FC5357C00E3C0BC /* UIView+Animation.swift in Sources */ = {isa = PBXBuildFile; fileRef = A3DB6BFE1FC5357C00E3C0BC /* UIView+Animation.swift */; };
		A3DB6C031FC549F200E3C0BC /* JsonDataViewerViewController.swift in Sources */ = {isa = PBXBuildFile; fileRef = A3DB6C021FC549F200E3C0BC /* JsonDataViewerViewController.swift */; };
		A3DB6C051FC54A7000E3C0BC /* OtherDataViewerViewController.swift in Sources */ = {isa = PBXBuildFile; fileRef = A3DB6C041FC54A7000E3C0BC /* OtherDataViewerViewController.swift */; };
		A3DB6C081FC5692000E3C0BC /* Constants.swift in Sources */ = {isa = PBXBuildFile; fileRef = A3DB6C071FC5692000E3C0BC /* Constants.swift */; };
		A3DB6C0A1FC5696500E3C0BC /* UIApplication.swift in Sources */ = {isa = PBXBuildFile; fileRef = A3DB6C091FC5696500E3C0BC /* UIApplication.swift */; };
		A3DB6C0C1FC5734500E3C0BC /* APIMethod.swift in Sources */ = {isa = PBXBuildFile; fileRef = A3DB6C0B1FC5734500E3C0BC /* APIMethod.swift */; };
		A3DB6C0F1FC596A700E3C0BC /* Global.swift in Sources */ = {isa = PBXBuildFile; fileRef = A3DB6C0E1FC596A700E3C0BC /* Global.swift */; };
		A3DB6C111FC5983600E3C0BC /* CustomLog.swift in Sources */ = {isa = PBXBuildFile; fileRef = A3DB6C101FC5983600E3C0BC /* CustomLog.swift */; };
		A3DB6C131FC5988F00E3C0BC /* Date.swift in Sources */ = {isa = PBXBuildFile; fileRef = A3DB6C121FC5988F00E3C0BC /* Date.swift */; };
		A3DB6C151FC5998200E3C0BC /* UIDevice.swift in Sources */ = {isa = PBXBuildFile; fileRef = A3DB6C141FC5998200E3C0BC /* UIDevice.swift */; };
		A3DB6C171FC5A19C00E3C0BC /* FileManager.swift in Sources */ = {isa = PBXBuildFile; fileRef = A3DB6C161FC5A19C00E3C0BC /* FileManager.swift */; };
		A3DB6C191FC5CF6500E3C0BC /* ApiHandler+UIImageView.swift in Sources */ = {isa = PBXBuildFile; fileRef = A3DB6C181FC5CF6500E3C0BC /* ApiHandler+UIImageView.swift */; };
		A3DB6C1B1FC5D0D300E3C0BC /* ApiHandler.swift in Sources */ = {isa = PBXBuildFile; fileRef = A3DB6C1A1FC5D0D300E3C0BC /* ApiHandler.swift */; };
		A3DE9A531FC4673C003268E5 /* Degrees+MathMethods.swift in Sources */ = {isa = PBXBuildFile; fileRef = A3DE9A4A1FC4673C003268E5 /* Degrees+MathMethods.swift */; };
		A3DE9A551FC4673C003268E5 /* SpinWheelControl.swift in Sources */ = {isa = PBXBuildFile; fileRef = A3DE9A4D1FC4673C003268E5 /* SpinWheelControl.swift */; };
		A3DE9A561FC4673C003268E5 /* SpinWheelControlDataSource.swift in Sources */ = {isa = PBXBuildFile; fileRef = A3DE9A4E1FC4673C003268E5 /* SpinWheelControlDataSource.swift */; };
		A3DE9A571FC4673C003268E5 /* SpinWheelControlDelegate.swift in Sources */ = {isa = PBXBuildFile; fileRef = A3DE9A4F1FC4673C003268E5 /* SpinWheelControlDelegate.swift */; };
		A3DE9A581FC4673C003268E5 /* SpinWheelWedge.swift in Sources */ = {isa = PBXBuildFile; fileRef = A3DE9A501FC4673C003268E5 /* SpinWheelWedge.swift */; };
		A3DE9A591FC4673C003268E5 /* SpinWheelWedgeLabel.swift in Sources */ = {isa = PBXBuildFile; fileRef = A3DE9A511FC4673C003268E5 /* SpinWheelWedgeLabel.swift */; };
		A3DE9A5A1FC4673C003268E5 /* SpinWheelWedgeShape.swift in Sources */ = {isa = PBXBuildFile; fileRef = A3DE9A521FC4673C003268E5 /* SpinWheelWedgeShape.swift */; };
		A3EC9F9A1FC6F37E0005AF91 /* XMLReader.m in Sources */ = {isa = PBXBuildFile; fileRef = A3EC9F991FC6F37E0005AF91 /* XMLReader.m */; };
		C71DE9B519EFA49AA9745DB5 /* Pods_PinboardUITests.framework in Frameworks */ = {isa = PBXBuildFile; fileRef = 0E76CD6E6ACCFBE7DD2B1BD8 /* Pods_PinboardUITests.framework */; };
/* End PBXBuildFile section */

/* Begin PBXContainerItemProxy section */
		A3121ACA1FC3F2C3009FA204 /* PBXContainerItemProxy */ = {
			isa = PBXContainerItemProxy;
			containerPortal = A3121AAD1FC3F2C3009FA204 /* Project object */;
			proxyType = 1;
			remoteGlobalIDString = A3121AB41FC3F2C3009FA204;
			remoteInfo = Pinboard;
		};
		A3121AD51FC3F2C3009FA204 /* PBXContainerItemProxy */ = {
			isa = PBXContainerItemProxy;
			containerPortal = A3121AAD1FC3F2C3009FA204 /* Project object */;
			proxyType = 1;
			remoteGlobalIDString = A3121AB41FC3F2C3009FA204;
			remoteInfo = Pinboard;
		};
/* End PBXContainerItemProxy section */

/* Begin PBXFileReference section */
		0E76CD6E6ACCFBE7DD2B1BD8 /* Pods_PinboardUITests.framework */ = {isa = PBXFileReference; explicitFileType = wrapper.framework; includeInIndex = 0; path = Pods_PinboardUITests.framework; sourceTree = BUILT_PRODUCTS_DIR; };
		4C185FC6A119FB6791DB9F72 /* Pods-PinboardUITests.debug.xcconfig */ = {isa = PBXFileReference; includeInIndex = 1; lastKnownFileType = text.xcconfig; name = "Pods-PinboardUITests.debug.xcconfig"; path = "Pods/Target Support Files/Pods-PinboardUITests/Pods-PinboardUITests.debug.xcconfig"; sourceTree = "<group>"; };
		58AA14B8B02A82ACDECD675B /* Pods-PinboardUITests.release.xcconfig */ = {isa = PBXFileReference; includeInIndex = 1; lastKnownFileType = text.xcconfig; name = "Pods-PinboardUITests.release.xcconfig"; path = "Pods/Target Support Files/Pods-PinboardUITests/Pods-PinboardUITests.release.xcconfig"; sourceTree = "<group>"; };
		5DF5D9AFF25FFAFB74F7DBF3 /* Pods_PinboardTests.framework */ = {isa = PBXFileReference; explicitFileType = wrapper.framework; includeInIndex = 0; path = Pods_PinboardTests.framework; sourceTree = BUILT_PRODUCTS_DIR; };
		72A2163A11CB9B9CCF8E9361 /* Pods-PinboardTests.debug.xcconfig */ = {isa = PBXFileReference; includeInIndex = 1; lastKnownFileType = text.xcconfig; name = "Pods-PinboardTests.debug.xcconfig"; path = "Pods/Target Support Files/Pods-PinboardTests/Pods-PinboardTests.debug.xcconfig"; sourceTree = "<group>"; };
		9DC6AEC133F9F3331BBD16E4 /* Pods-Pinboard.release.xcconfig */ = {isa = PBXFileReference; includeInIndex = 1; lastKnownFileType = text.xcconfig; name = "Pods-Pinboard.release.xcconfig"; path = "Pods/Target Support Files/Pods-Pinboard/Pods-Pinboard.release.xcconfig"; sourceTree = "<group>"; };
		A3121AB51FC3F2C3009FA204 /* Pinboard.app */ = {isa = PBXFileReference; explicitFileType = wrapper.application; includeInIndex = 0; path = Pinboard.app; sourceTree = BUILT_PRODUCTS_DIR; };
		A3121AB81FC3F2C3009FA204 /* AppDelegate.swift */ = {isa = PBXFileReference; lastKnownFileType = sourcecode.swift; path = AppDelegate.swift; sourceTree = "<group>"; };
		A3121ABA1FC3F2C3009FA204 /* ViewController.swift */ = {isa = PBXFileReference; lastKnownFileType = sourcecode.swift; path = ViewController.swift; sourceTree = "<group>"; };
		A3121ABD1FC3F2C3009FA204 /* Base */ = {isa = PBXFileReference; lastKnownFileType = file.storyboard; name = Base; path = Base.lproj/Main.storyboard; sourceTree = "<group>"; };
		A3121ABF1FC3F2C3009FA204 /* Assets.xcassets */ = {isa = PBXFileReference; lastKnownFileType = folder.assetcatalog; path = Assets.xcassets; sourceTree = "<group>"; };
		A3121AC21FC3F2C3009FA204 /* Base */ = {isa = PBXFileReference; lastKnownFileType = file.storyboard; name = Base; path = Base.lproj/LaunchScreen.storyboard; sourceTree = "<group>"; };
		A3121AC41FC3F2C3009FA204 /* Info.plist */ = {isa = PBXFileReference; lastKnownFileType = text.plist.xml; path = Info.plist; sourceTree = "<group>"; };
		A3121AC91FC3F2C3009FA204 /* PinboardTests.xctest */ = {isa = PBXFileReference; explicitFileType = wrapper.cfbundle; includeInIndex = 0; path = PinboardTests.xctest; sourceTree = BUILT_PRODUCTS_DIR; };
		A3121ACD1FC3F2C3009FA204 /* PinboardTests.swift */ = {isa = PBXFileReference; lastKnownFileType = sourcecode.swift; path = PinboardTests.swift; sourceTree = "<group>"; };
		A3121ACF1FC3F2C3009FA204 /* Info.plist */ = {isa = PBXFileReference; lastKnownFileType = text.plist.xml; path = Info.plist; sourceTree = "<group>"; };
		A3121AD41FC3F2C3009FA204 /* PinboardUITests.xctest */ = {isa = PBXFileReference; explicitFileType = wrapper.cfbundle; includeInIndex = 0; path = PinboardUITests.xctest; sourceTree = BUILT_PRODUCTS_DIR; };
		A3121AD81FC3F2C3009FA204 /* PinboardUITests.swift */ = {isa = PBXFileReference; lastKnownFileType = sourcecode.swift; path = PinboardUITests.swift; sourceTree = "<group>"; };
		A3121ADA1FC3F2C3009FA204 /* Info.plist */ = {isa = PBXFileReference; lastKnownFileType = text.plist.xml; path = Info.plist; sourceTree = "<group>"; };
		A3DB6BFB1FC47D4800E3C0BC /* SpinWheelWedgeImageView.swift */ = {isa = PBXFileReference; fileEncoding = 4; lastKnownFileType = sourcecode.swift; path = SpinWheelWedgeImageView.swift; sourceTree = "<group>"; };
		A3DB6BFE1FC5357C00E3C0BC /* UIView+Animation.swift */ = {isa = PBXFileReference; fileEncoding = 4; lastKnownFileType = sourcecode.swift; path = "UIView+Animation.swift"; sourceTree = "<group>"; };
		A3DB6C021FC549F200E3C0BC /* JsonDataViewerViewController.swift */ = {isa = PBXFileReference; fileEncoding = 4; lastKnownFileType = sourcecode.swift; path = JsonDataViewerViewController.swift; sourceTree = "<group>"; };
		A3DB6C041FC54A7000E3C0BC /* OtherDataViewerViewController.swift */ = {isa = PBXFileReference; fileEncoding = 4; lastKnownFileType = sourcecode.swift; path = OtherDataViewerViewController.swift; sourceTree = "<group>"; };
		A3DB6C071FC5692000E3C0BC /* Constants.swift */ = {isa = PBXFileReference; fileEncoding = 4; lastKnownFileType = sourcecode.swift; path = Constants.swift; sourceTree = "<group>"; };
		A3DB6C091FC5696500E3C0BC /* UIApplication.swift */ = {isa = PBXFileReference; fileEncoding = 4; lastKnownFileType = sourcecode.swift; path = UIApplication.swift; sourceTree = "<group>"; };
		A3DB6C0B1FC5734500E3C0BC /* APIMethod.swift */ = {isa = PBXFileReference; fileEncoding = 4; lastKnownFileType = sourcecode.swift; path = APIMethod.swift; sourceTree = "<group>"; };
		A3DB6C0E1FC596A700E3C0BC /* Global.swift */ = {isa = PBXFileReference; fileEncoding = 4; lastKnownFileType = sourcecode.swift; path = Global.swift; sourceTree = "<group>"; };
		A3DB6C101FC5983600E3C0BC /* CustomLog.swift */ = {isa = PBXFileReference; fileEncoding = 4; lastKnownFileType = sourcecode.swift; path = CustomLog.swift; sourceTree = "<group>"; };
		A3DB6C121FC5988F00E3C0BC /* Date.swift */ = {isa = PBXFileReference; fileEncoding = 4; lastKnownFileType = sourcecode.swift; path = Date.swift; sourceTree = "<group>"; };
		A3DB6C141FC5998200E3C0BC /* UIDevice.swift */ = {isa = PBXFileReference; fileEncoding = 4; lastKnownFileType = sourcecode.swift; path = UIDevice.swift; sourceTree = "<group>"; };
		A3DB6C161FC5A19C00E3C0BC /* FileManager.swift */ = {isa = PBXFileReference; fileEncoding = 4; lastKnownFileType = sourcecode.swift; path = FileManager.swift; sourceTree = "<group>"; };
		A3DB6C181FC5CF6500E3C0BC /* ApiHandler+UIImageView.swift */ = {isa = PBXFileReference; fileEncoding = 4; lastKnownFileType = sourcecode.swift; path = "ApiHandler+UIImageView.swift"; sourceTree = "<group>"; };
		A3DB6C1A1FC5D0D300E3C0BC /* ApiHandler.swift */ = {isa = PBXFileReference; fileEncoding = 4; lastKnownFileType = sourcecode.swift; path = ApiHandler.swift; sourceTree = "<group>"; };
		A3DE9A4A1FC4673C003268E5 /* Degrees+MathMethods.swift */ = {isa = PBXFileReference; fileEncoding = 4; lastKnownFileType = sourcecode.swift; path = "Degrees+MathMethods.swift"; sourceTree = "<group>"; };
		A3DE9A4C1FC4673C003268E5 /* SpinWheelControl.h */ = {isa = PBXFileReference; fileEncoding = 4; lastKnownFileType = sourcecode.c.h; path = SpinWheelControl.h; sourceTree = "<group>"; };
		A3DE9A4D1FC4673C003268E5 /* SpinWheelControl.swift */ = {isa = PBXFileReference; fileEncoding = 4; lastKnownFileType = sourcecode.swift; path = SpinWheelControl.swift; sourceTree = "<group>"; };
		A3DE9A4E1FC4673C003268E5 /* SpinWheelControlDataSource.swift */ = {isa = PBXFileReference; fileEncoding = 4; lastKnownFileType = sourcecode.swift; path = SpinWheelControlDataSource.swift; sourceTree = "<group>"; };
		A3DE9A4F1FC4673C003268E5 /* SpinWheelControlDelegate.swift */ = {isa = PBXFileReference; fileEncoding = 4; lastKnownFileType = sourcecode.swift; path = SpinWheelControlDelegate.swift; sourceTree = "<group>"; };
		A3DE9A501FC4673C003268E5 /* SpinWheelWedge.swift */ = {isa = PBXFileReference; fileEncoding = 4; lastKnownFileType = sourcecode.swift; path = SpinWheelWedge.swift; sourceTree = "<group>"; };
		A3DE9A511FC4673C003268E5 /* SpinWheelWedgeLabel.swift */ = {isa = PBXFileReference; fileEncoding = 4; lastKnownFileType = sourcecode.swift; path = SpinWheelWedgeLabel.swift; sourceTree = "<group>"; };
		A3DE9A521FC4673C003268E5 /* SpinWheelWedgeShape.swift */ = {isa = PBXFileReference; fileEncoding = 4; lastKnownFileType = sourcecode.swift; path = SpinWheelWedgeShape.swift; sourceTree = "<group>"; };
		A3EC9F971FC6F37D0005AF91 /* Pinboard-Bridging-Header.h */ = {isa = PBXFileReference; lastKnownFileType = sourcecode.c.h; path = "Pinboard-Bridging-Header.h"; sourceTree = "<group>"; };
		A3EC9F981FC6F37E0005AF91 /* XMLReader.h */ = {isa = PBXFileReference; fileEncoding = 4; lastKnownFileType = sourcecode.c.h; path = XMLReader.h; sourceTree = "<group>"; };
		A3EC9F991FC6F37E0005AF91 /* XMLReader.m */ = {isa = PBXFileReference; fileEncoding = 4; lastKnownFileType = sourcecode.c.objc; path = XMLReader.m; sourceTree = "<group>"; };
		A76D5B7A4DCA7FB09D627FB7 /* Pods-Pinboard.debug.xcconfig */ = {isa = PBXFileReference; includeInIndex = 1; lastKnownFileType = text.xcconfig; name = "Pods-Pinboard.debug.xcconfig"; path = "Pods/Target Support Files/Pods-Pinboard/Pods-Pinboard.debug.xcconfig"; sourceTree = "<group>"; };
		E65FC560C73747EF6EC5DF81 /* Pods-PinboardTests.release.xcconfig */ = {isa = PBXFileReference; includeInIndex = 1; lastKnownFileType = text.xcconfig; name = "Pods-PinboardTests.release.xcconfig"; path = "Pods/Target Support Files/Pods-PinboardTests/Pods-PinboardTests.release.xcconfig"; sourceTree = "<group>"; };
		F9C33B8BB5EB8993946D0B87 /* Pods_Pinboard.framework */ = {isa = PBXFileReference; explicitFileType = wrapper.framework; includeInIndex = 0; path = Pods_Pinboard.framework; sourceTree = BUILT_PRODUCTS_DIR; };
/* End PBXFileReference section */

/* Begin PBXFrameworksBuildPhase section */
		A3121AB21FC3F2C3009FA204 /* Frameworks */ = {
			isa = PBXFrameworksBuildPhase;
			buildActionMask = 2147483647;
			files = (
				8385957F541942E9C49DEC00 /* Pods_Pinboard.framework in Frameworks */,
			);
			runOnlyForDeploymentPostprocessing = 0;
		};
		A3121AC61FC3F2C3009FA204 /* Frameworks */ = {
			isa = PBXFrameworksBuildPhase;
			buildActionMask = 2147483647;
			files = (
				6C55F0B14EA127C7628447A9 /* Pods_PinboardTests.framework in Frameworks */,
			);
			runOnlyForDeploymentPostprocessing = 0;
		};
		A3121AD11FC3F2C3009FA204 /* Frameworks */ = {
			isa = PBXFrameworksBuildPhase;
			buildActionMask = 2147483647;
			files = (
				C71DE9B519EFA49AA9745DB5 /* Pods_PinboardUITests.framework in Frameworks */,
			);
			runOnlyForDeploymentPostprocessing = 0;
		};
/* End PBXFrameworksBuildPhase section */

/* Begin PBXGroup section */
		0810A74528C9920C8267AA76 /* Pods */ = {
			isa = PBXGroup;
			children = (
				A76D5B7A4DCA7FB09D627FB7 /* Pods-Pinboard.debug.xcconfig */,
				9DC6AEC133F9F3331BBD16E4 /* Pods-Pinboard.release.xcconfig */,
				72A2163A11CB9B9CCF8E9361 /* Pods-PinboardTests.debug.xcconfig */,
				E65FC560C73747EF6EC5DF81 /* Pods-PinboardTests.release.xcconfig */,
				4C185FC6A119FB6791DB9F72 /* Pods-PinboardUITests.debug.xcconfig */,
				58AA14B8B02A82ACDECD675B /* Pods-PinboardUITests.release.xcconfig */,
			);
			name = Pods;
			sourceTree = "<group>";
		};
		A3121AAC1FC3F2C3009FA204 = {
			isa = PBXGroup;
			children = (
				A3121AB71FC3F2C3009FA204 /* Pinboard */,
				A3121ACC1FC3F2C3009FA204 /* PinboardTests */,
				A3121AD71FC3F2C3009FA204 /* PinboardUITests */,
				A3121AB61FC3F2C3009FA204 /* Products */,
				0810A74528C9920C8267AA76 /* Pods */,
				EB51B0E2E3315E0BC0A76D6A /* Frameworks */,
			);
			sourceTree = "<group>";
		};
		A3121AB61FC3F2C3009FA204 /* Products */ = {
			isa = PBXGroup;
			children = (
				A3121AB51FC3F2C3009FA204 /* Pinboard.app */,
				A3121AC91FC3F2C3009FA204 /* PinboardTests.xctest */,
				A3121AD41FC3F2C3009FA204 /* PinboardUITests.xctest */,
			);
			name = Products;
			sourceTree = "<group>";
		};
		A3121AB71FC3F2C3009FA204 /* Pinboard */ = {
			isa = PBXGroup;
			children = (
				A3DB6C0D1FC5760F00E3C0BC /* Models */,
				A3DB6C061FC5691600E3C0BC /* GlobalClasses */,
				A3DB6C001FC541A200E3C0BC /* Extensions */,
				A3121AB81FC3F2C3009FA204 /* AppDelegate.swift */,
				A3DB6C011FC541B300E3C0BC /* UIViewControllers */,
				A3121ABC1FC3F2C3009FA204 /* Main.storyboard */,
				A3121ABF1FC3F2C3009FA204 /* Assets.xcassets */,
				A3121AC11FC3F2C3009FA204 /* LaunchScreen.storyboard */,
				A3121AC41FC3F2C3009FA204 /* Info.plist */,
				A3DB6BFD1FC49D8000E3C0BC /* ApiHandler */,
				A3DE99AD1FC465A5003268E5 /* Libraries */,
			);
			path = Pinboard;
			sourceTree = "<group>";
		};
		A3121ACC1FC3F2C3009FA204 /* PinboardTests */ = {
			isa = PBXGroup;
			children = (
				A3121ACD1FC3F2C3009FA204 /* PinboardTests.swift */,
				A3121ACF1FC3F2C3009FA204 /* Info.plist */,
			);
			path = PinboardTests;
			sourceTree = "<group>";
		};
		A3121AD71FC3F2C3009FA204 /* PinboardUITests */ = {
			isa = PBXGroup;
			children = (
				A3121AD81FC3F2C3009FA204 /* PinboardUITests.swift */,
				A3121ADA1FC3F2C3009FA204 /* Info.plist */,
			);
			path = PinboardUITests;
			sourceTree = "<group>";
		};
		A3DB6BFD1FC49D8000E3C0BC /* ApiHandler */ = {
			isa = PBXGroup;
			children = (
				A3DB6C1A1FC5D0D300E3C0BC /* ApiHandler.swift */,
				A3DB6C181FC5CF6500E3C0BC /* ApiHandler+UIImageView.swift */,
				A3EC9F981FC6F37E0005AF91 /* XMLReader.h */,
				A3EC9F991FC6F37E0005AF91 /* XMLReader.m */,
				A3EC9F971FC6F37D0005AF91 /* Pinboard-Bridging-Header.h */,
			);
			name = ApiHandler;
			sourceTree = "<group>";
		};
		A3DB6C001FC541A200E3C0BC /* Extensions */ = {
			isa = PBXGroup;
			children = (
				A3DB6C141FC5998200E3C0BC /* UIDevice.swift */,
				A3DB6C091FC5696500E3C0BC /* UIApplication.swift */,
				A3DB6BFE1FC5357C00E3C0BC /* UIView+Animation.swift */,
				A3DB6C121FC5988F00E3C0BC /* Date.swift */,
				A3DB6C161FC5A19C00E3C0BC /* FileManager.swift */,
			);
			name = Extensions;
			sourceTree = "<group>";
		};
		A3DB6C011FC541B300E3C0BC /* UIViewControllers */ = {
			isa = PBXGroup;
			children = (
				A3121ABA1FC3F2C3009FA204 /* ViewController.swift */,
				A3DB6C021FC549F200E3C0BC /* JsonDataViewerViewController.swift */,
				A3DB6C041FC54A7000E3C0BC /* OtherDataViewerViewController.swift */,
			);
			name = UIViewControllers;
			sourceTree = "<group>";
		};
		A3DB6C061FC5691600E3C0BC /* GlobalClasses */ = {
			isa = PBXGroup;
			children = (
				A3DB6C0B1FC5734500E3C0BC /* APIMethod.swift */,
				A3DB6C071FC5692000E3C0BC /* Constants.swift */,
				A3DB6C101FC5983600E3C0BC /* CustomLog.swift */,
				A3DB6C0E1FC596A700E3C0BC /* Global.swift */,
			);
			name = GlobalClasses;
			sourceTree = "<group>";
		};
		A3DB6C0D1FC5760F00E3C0BC /* Models */ = {
			isa = PBXGroup;
			children = (
			);
			name = Models;
			sourceTree = "<group>";
		};
		A3DE99AD1FC465A5003268E5 /* Libraries */ = {
			isa = PBXGroup;
			children = (
				A3DE9A491FC4673C003268E5 /* SpinWheelControl */,
			);
			name = Libraries;
			path = "ThirdParty Librarys";
			sourceTree = "<group>";
		};
		A3DE9A491FC4673C003268E5 /* SpinWheelControl */ = {
			isa = PBXGroup;
			children = (
				A3DE9A4A1FC4673C003268E5 /* Degrees+MathMethods.swift */,
				A3DE9A4C1FC4673C003268E5 /* SpinWheelControl.h */,
				A3DE9A4D1FC4673C003268E5 /* SpinWheelControl.swift */,
				A3DE9A4E1FC4673C003268E5 /* SpinWheelControlDataSource.swift */,
				A3DE9A4F1FC4673C003268E5 /* SpinWheelControlDelegate.swift */,
				A3DE9A501FC4673C003268E5 /* SpinWheelWedge.swift */,
				A3DE9A511FC4673C003268E5 /* SpinWheelWedgeLabel.swift */,
				A3DE9A521FC4673C003268E5 /* SpinWheelWedgeShape.swift */,
				A3DB6BFB1FC47D4800E3C0BC /* SpinWheelWedgeImageView.swift */,
			);
			path = SpinWheelControl;
			sourceTree = "<group>";
		};
		EB51B0E2E3315E0BC0A76D6A /* Frameworks */ = {
			isa = PBXGroup;
			children = (
				F9C33B8BB5EB8993946D0B87 /* Pods_Pinboard.framework */,
				5DF5D9AFF25FFAFB74F7DBF3 /* Pods_PinboardTests.framework */,
				0E76CD6E6ACCFBE7DD2B1BD8 /* Pods_PinboardUITests.framework */,
			);
			name = Frameworks;
			sourceTree = "<group>";
		};
/* End PBXGroup section */

/* Begin PBXNativeTarget section */
		A3121AB41FC3F2C3009FA204 /* Pinboard */ = {
			isa = PBXNativeTarget;
			buildConfigurationList = A3121ADD1FC3F2C3009FA204 /* Build configuration list for PBXNativeTarget "Pinboard" */;
			buildPhases = (
				2A5A23FE979E347EB817BCF8 /* [CP] Check Pods Manifest.lock */,
				A3121AB11FC3F2C3009FA204 /* Sources */,
				A3121AB21FC3F2C3009FA204 /* Frameworks */,
				A3121AB31FC3F2C3009FA204 /* Resources */,
				7BF976B6BFB39AB30B205DD5 /* [CP] Embed Pods Frameworks */,
				86DAEBBCAA19095600BC906E /* [CP] Copy Pods Resources */,
			);
			buildRules = (
			);
			dependencies = (
			);
			name = Pinboard;
			productName = Pinboard;
			productReference = A3121AB51FC3F2C3009FA204 /* Pinboard.app */;
			productType = "com.apple.product-type.application";
		};
		A3121AC81FC3F2C3009FA204 /* PinboardTests */ = {
			isa = PBXNativeTarget;
			buildConfigurationList = A3121AE01FC3F2C3009FA204 /* Build configuration list for PBXNativeTarget "PinboardTests" */;
			buildPhases = (
				7AACBF93B6A6387EE88FF2A6 /* [CP] Check Pods Manifest.lock */,
				A3121AC51FC3F2C3009FA204 /* Sources */,
				A3121AC61FC3F2C3009FA204 /* Frameworks */,
				A3121AC71FC3F2C3009FA204 /* Resources */,
				87892AA63A841D9782EA6D45 /* [CP] Embed Pods Frameworks */,
				0BB9292ABFB66793055A8803 /* [CP] Copy Pods Resources */,
			);
			buildRules = (
			);
			dependencies = (
				A3121ACB1FC3F2C3009FA204 /* PBXTargetDependency */,
			);
			name = PinboardTests;
			productName = PinboardTests;
			productReference = A3121AC91FC3F2C3009FA204 /* PinboardTests.xctest */;
			productType = "com.apple.product-type.bundle.unit-test";
		};
		A3121AD31FC3F2C3009FA204 /* PinboardUITests */ = {
			isa = PBXNativeTarget;
			buildConfigurationList = A3121AE31FC3F2C3009FA204 /* Build configuration list for PBXNativeTarget "PinboardUITests" */;
			buildPhases = (
				997BD98BEFF301B776DBBF23 /* [CP] Check Pods Manifest.lock */,
				A3121AD01FC3F2C3009FA204 /* Sources */,
				A3121AD11FC3F2C3009FA204 /* Frameworks */,
				A3121AD21FC3F2C3009FA204 /* Resources */,
				3FCAA4DA49B2186789FE04CD /* [CP] Embed Pods Frameworks */,
				9EEA4B4EE88A3C96801F58D5 /* [CP] Copy Pods Resources */,
			);
			buildRules = (
			);
			dependencies = (
				A3121AD61FC3F2C3009FA204 /* PBXTargetDependency */,
			);
			name = PinboardUITests;
			productName = PinboardUITests;
			productReference = A3121AD41FC3F2C3009FA204 /* PinboardUITests.xctest */;
			productType = "com.apple.product-type.bundle.ui-testing";
		};
/* End PBXNativeTarget section */

/* Begin PBXProject section */
		A3121AAD1FC3F2C3009FA204 /* Project object */ = {
			isa = PBXProject;
			attributes = {
				LastSwiftUpdateCheck = 0820;
				LastUpgradeCheck = 0820;
				ORGANIZATIONNAME = "Nikhlesh bagdiya";
				TargetAttributes = {
					A3121AB41FC3F2C3009FA204 = {
						CreatedOnToolsVersion = 8.2.1;
						DevelopmentTeam = 294Y9EE4CG;
						LastSwiftMigration = 0820;
						ProvisioningStyle = Automatic;
					};
					A3121AC81FC3F2C3009FA204 = {
						CreatedOnToolsVersion = 8.2.1;
						DevelopmentTeam = 294Y9EE4CG;
						ProvisioningStyle = Automatic;
						TestTargetID = A3121AB41FC3F2C3009FA204;
					};
					A3121AD31FC3F2C3009FA204 = {
						CreatedOnToolsVersion = 8.2.1;
						DevelopmentTeam = 294Y9EE4CG;
						ProvisioningStyle = Automatic;
						TestTargetID = A3121AB41FC3F2C3009FA204;
					};
				};
			};
			buildConfigurationList = A3121AB01FC3F2C3009FA204 /* Build configuration list for PBXProject "Pinboard" */;
			compatibilityVersion = "Xcode 3.2";
			developmentRegion = English;
			hasScannedForEncodings = 0;
			knownRegions = (
				en,
				Base,
			);
			mainGroup = A3121AAC1FC3F2C3009FA204;
			productRefGroup = A3121AB61FC3F2C3009FA204 /* Products */;
			projectDirPath = "";
			projectRoot = "";
			targets = (
				A3121AB41FC3F2C3009FA204 /* Pinboard */,
				A3121AC81FC3F2C3009FA204 /* PinboardTests */,
				A3121AD31FC3F2C3009FA204 /* PinboardUITests */,
			);
		};
/* End PBXProject section */

/* Begin PBXResourcesBuildPhase section */
		A3121AB31FC3F2C3009FA204 /* Resources */ = {
			isa = PBXResourcesBuildPhase;
			buildActionMask = 2147483647;
			files = (
				A3121AC31FC3F2C3009FA204 /* LaunchScreen.storyboard in Resources */,
				A3121AC01FC3F2C3009FA204 /* Assets.xcassets in Resources */,
				A3121ABE1FC3F2C3009FA204 /* Main.storyboard in Resources */,
			);
			runOnlyForDeploymentPostprocessing = 0;
		};
		A3121AC71FC3F2C3009FA204 /* Resources */ = {
			isa = PBXResourcesBuildPhase;
			buildActionMask = 2147483647;
			files = (
			);
			runOnlyForDeploymentPostprocessing = 0;
		};
		A3121AD21FC3F2C3009FA204 /* Resources */ = {
			isa = PBXResourcesBuildPhase;
			buildActionMask = 2147483647;
			files = (
			);
			runOnlyForDeploymentPostprocessing = 0;
		};
/* End PBXResourcesBuildPhase section */

/* Begin PBXShellScriptBuildPhase section */
		0BB9292ABFB66793055A8803 /* [CP] Copy Pods Resources */ = {
			isa = PBXShellScriptBuildPhase;
			buildActionMask = 2147483647;
			files = (
			);
			inputPaths = (
			);
			name = "[CP] Copy Pods Resources";
			outputPaths = (
			);
			runOnlyForDeploymentPostprocessing = 0;
			shellPath = /bin/sh;
			shellScript = "\"${SRCROOT}/Pods/Target Support Files/Pods-PinboardTests/Pods-PinboardTests-resources.sh\"\n";
			showEnvVarsInLog = 0;
		};
		2A5A23FE979E347EB817BCF8 /* [CP] Check Pods Manifest.lock */ = {
			isa = PBXShellScriptBuildPhase;
			buildActionMask = 2147483647;
			files = (
			);
			inputPaths = (
				"${PODS_PODFILE_DIR_PATH}/Podfile.lock",
				"${PODS_ROOT}/Manifest.lock",
			);
			name = "[CP] Check Pods Manifest.lock";
			outputPaths = (
				"$(DERIVED_FILE_DIR)/Pods-Pinboard-checkManifestLockResult.txt",
			);
			runOnlyForDeploymentPostprocessing = 0;
			shellPath = /bin/sh;
			shellScript = "diff \"${PODS_PODFILE_DIR_PATH}/Podfile.lock\" \"${PODS_ROOT}/Manifest.lock\" > /dev/null\nif [ $? != 0 ] ; then\n    # print error to STDERR\n    echo \"error: The sandbox is not in sync with the Podfile.lock. Run 'pod install' or update your CocoaPods installation.\" >&2\n    exit 1\nfi\n# This output is used by Xcode 'outputs' to avoid re-running this script phase.\necho \"SUCCESS\" > \"${SCRIPT_OUTPUT_FILE_0}\"\n";
			showEnvVarsInLog = 0;
		};
		3FCAA4DA49B2186789FE04CD /* [CP] Embed Pods Frameworks */ = {
			isa = PBXShellScriptBuildPhase;
			buildActionMask = 2147483647;
			files = (
			);
			inputPaths = (
			);
			name = "[CP] Embed Pods Frameworks";
			outputPaths = (
			);
			runOnlyForDeploymentPostprocessing = 0;
			shellPath = /bin/sh;
			shellScript = "\"${SRCROOT}/Pods/Target Support Files/Pods-PinboardUITests/Pods-PinboardUITests-frameworks.sh\"\n";
			showEnvVarsInLog = 0;
		};
		7AACBF93B6A6387EE88FF2A6 /* [CP] Check Pods Manifest.lock */ = {
			isa = PBXShellScriptBuildPhase;
			buildActionMask = 2147483647;
			files = (
			);
			inputPaths = (
				"${PODS_PODFILE_DIR_PATH}/Podfile.lock",
				"${PODS_ROOT}/Manifest.lock",
			);
			name = "[CP] Check Pods Manifest.lock";
			outputPaths = (
				"$(DERIVED_FILE_DIR)/Pods-PinboardTests-checkManifestLockResult.txt",
			);
			runOnlyForDeploymentPostprocessing = 0;
			shellPath = /bin/sh;
			shellScript = "diff \"${PODS_PODFILE_DIR_PATH}/Podfile.lock\" \"${PODS_ROOT}/Manifest.lock\" > /dev/null\nif [ $? != 0 ] ; then\n    # print error to STDERR\n    echo \"error: The sandbox is not in sync with the Podfile.lock. Run 'pod install' or update your CocoaPods installation.\" >&2\n    exit 1\nfi\n# This output is used by Xcode 'outputs' to avoid re-running this script phase.\necho \"SUCCESS\" > \"${SCRIPT_OUTPUT_FILE_0}\"\n";
			showEnvVarsInLog = 0;
		};
		7BF976B6BFB39AB30B205DD5 /* [CP] Embed Pods Frameworks */ = {
			isa = PBXShellScriptBuildPhase;
			buildActionMask = 2147483647;
			files = (
			);
			inputPaths = (
				"${SRCROOT}/Pods/Target Support Files/Pods-Pinboard/Pods-Pinboard-frameworks.sh",
				"${BUILT_PRODUCTS_DIR}/PKHUD/PKHUD.framework",
			);
			name = "[CP] Embed Pods Frameworks";
			outputPaths = (
				"${TARGET_BUILD_DIR}/${FRAMEWORKS_FOLDER_PATH}/PKHUD.framework",
			);
			runOnlyForDeploymentPostprocessing = 0;
			shellPath = /bin/sh;
			shellScript = "\"${SRCROOT}/Pods/Target Support Files/Pods-Pinboard/Pods-Pinboard-frameworks.sh\"\n";
			showEnvVarsInLog = 0;
		};
		86DAEBBCAA19095600BC906E /* [CP] Copy Pods Resources */ = {
			isa = PBXShellScriptBuildPhase;
			buildActionMask = 2147483647;
			files = (
			);
			inputPaths = (
			);
			name = "[CP] Copy Pods Resources";
			outputPaths = (
			);
			runOnlyForDeploymentPostprocessing = 0;
			shellPath = /bin/sh;
			shellScript = "\"${SRCROOT}/Pods/Target Support Files/Pods-Pinboard/Pods-Pinboard-resources.sh\"\n";
			showEnvVarsInLog = 0;
		};
		87892AA63A841D9782EA6D45 /* [CP] Embed Pods Frameworks */ = {
			isa = PBXShellScriptBuildPhase;
			buildActionMask = 2147483647;
			files = (
			);
			inputPaths = (
			);
			name = "[CP] Embed Pods Frameworks";
			outputPaths = (
			);
			runOnlyForDeploymentPostprocessing = 0;
			shellPath = /bin/sh;
			shellScript = "\"${SRCROOT}/Pods/Target Support Files/Pods-PinboardTests/Pods-PinboardTests-frameworks.sh\"\n";
			showEnvVarsInLog = 0;
		};
		997BD98BEFF301B776DBBF23 /* [CP] Check Pods Manifest.lock */ = {
			isa = PBXShellScriptBuildPhase;
			buildActionMask = 2147483647;
			files = (
			);
			inputPaths = (
				"${PODS_PODFILE_DIR_PATH}/Podfile.lock",
				"${PODS_ROOT}/Manifest.lock",
			);
			name = "[CP] Check Pods Manifest.lock";
			outputPaths = (
				"$(DERIVED_FILE_DIR)/Pods-PinboardUITests-checkManifestLockResult.txt",
			);
			runOnlyForDeploymentPostprocessing = 0;
			shellPath = /bin/sh;
			shellScript = "diff \"${PODS_PODFILE_DIR_PATH}/Podfile.lock\" \"${PODS_ROOT}/Manifest.lock\" > /dev/null\nif [ $? != 0 ] ; then\n    # print error to STDERR\n    echo \"error: The sandbox is not in sync with the Podfile.lock. Run 'pod install' or update your CocoaPods installation.\" >&2\n    exit 1\nfi\n# This output is used by Xcode 'outputs' to avoid re-running this script phase.\necho \"SUCCESS\" > \"${SCRIPT_OUTPUT_FILE_0}\"\n";
			showEnvVarsInLog = 0;
		};
		9EEA4B4EE88A3C96801F58D5 /* [CP] Copy Pods Resources */ = {
			isa = PBXShellScriptBuildPhase;
			buildActionMask = 2147483647;
			files = (
			);
			inputPaths = (
			);
			name = "[CP] Copy Pods Resources";
			outputPaths = (
			);
			runOnlyForDeploymentPostprocessing = 0;
			shellPath = /bin/sh;
			shellScript = "\"${SRCROOT}/Pods/Target Support Files/Pods-PinboardUITests/Pods-PinboardUITests-resources.sh\"\n";
			showEnvVarsInLog = 0;
		};
/* End PBXShellScriptBuildPhase section */

/* Begin PBXSourcesBuildPhase section */
		A3121AB11FC3F2C3009FA204 /* Sources */ = {
			isa = PBXSourcesBuildPhase;
			buildActionMask = 2147483647;
			files = (
				A3DB6C1B1FC5D0D300E3C0BC /* ApiHandler.swift in Sources */,
				A3DB6C031FC549F200E3C0BC /* JsonDataViewerViewController.swift in Sources */,
				A3DE9A5A1FC4673C003268E5 /* SpinWheelWedgeShape.swift in Sources */,
				A3121ABB1FC3F2C3009FA204 /* ViewController.swift in Sources */,
				A3DB6C171FC5A19C00E3C0BC /* FileManager.swift in Sources */,
				A3DB6C0A1FC5696500E3C0BC /* UIApplication.swift in Sources */,
				A3DE9A581FC4673C003268E5 /* SpinWheelWedge.swift in Sources */,
				A3DB6C111FC5983600E3C0BC /* CustomLog.swift in Sources */,
				A3DB6C0C1FC5734500E3C0BC /* APIMethod.swift in Sources */,
				A3DB6C191FC5CF6500E3C0BC /* ApiHandler+UIImageView.swift in Sources */,
				A3EC9F9A1FC6F37E0005AF91 /* XMLReader.m in Sources */,
				A3DE9A551FC4673C003268E5 /* SpinWheelControl.swift in Sources */,
				A3DE9A531FC4673C003268E5 /* Degrees+MathMethods.swift in Sources */,
				A3121AB91FC3F2C3009FA204 /* AppDelegate.swift in Sources */,
				A3DE9A571FC4673C003268E5 /* SpinWheelControlDelegate.swift in Sources */,
				A3DE9A561FC4673C003268E5 /* SpinWheelControlDataSource.swift in Sources */,
				A3DE9A591FC4673C003268E5 /* SpinWheelWedgeLabel.swift in Sources */,
				A3DB6BFF1FC5357C00E3C0BC /* UIView+Animation.swift in Sources */,
				A3DB6C081FC5692000E3C0BC /* Constants.swift in Sources */,
				A3DB6C151FC5998200E3C0BC /* UIDevice.swift in Sources */,
				A3DB6C051FC54A7000E3C0BC /* OtherDataViewerViewController.swift in Sources */,
				A3DB6C131FC5988F00E3C0BC /* Date.swift in Sources */,
				A3DB6BFC1FC47D4800E3C0BC /* SpinWheelWedgeImageView.swift in Sources */,
				A3DB6C0F1FC596A700E3C0BC /* Global.swift in Sources */,
			);
			runOnlyForDeploymentPostprocessing = 0;
		};
		A3121AC51FC3F2C3009FA204 /* Sources */ = {
			isa = PBXSourcesBuildPhase;
			buildActionMask = 2147483647;
			files = (
				A3121ACE1FC3F2C3009FA204 /* PinboardTests.swift in Sources */,
			);
			runOnlyForDeploymentPostprocessing = 0;
		};
		A3121AD01FC3F2C3009FA204 /* Sources */ = {
			isa = PBXSourcesBuildPhase;
			buildActionMask = 2147483647;
			files = (
				A3121AD91FC3F2C3009FA204 /* PinboardUITests.swift in Sources */,
			);
			runOnlyForDeploymentPostprocessing = 0;
		};
/* End PBXSourcesBuildPhase section */

/* Begin PBXTargetDependency section */
		A3121ACB1FC3F2C3009FA204 /* PBXTargetDependency */ = {
			isa = PBXTargetDependency;
			target = A3121AB41FC3F2C3009FA204 /* Pinboard */;
			targetProxy = A3121ACA1FC3F2C3009FA204 /* PBXContainerItemProxy */;
		};
		A3121AD61FC3F2C3009FA204 /* PBXTargetDependency */ = {
			isa = PBXTargetDependency;
			target = A3121AB41FC3F2C3009FA204 /* Pinboard */;
			targetProxy = A3121AD51FC3F2C3009FA204 /* PBXContainerItemProxy */;
		};
/* End PBXTargetDependency section */

/* Begin PBXVariantGroup section */
		A3121ABC1FC3F2C3009FA204 /* Main.storyboard */ = {
			isa = PBXVariantGroup;
			children = (
				A3121ABD1FC3F2C3009FA204 /* Base */,
			);
			name = Main.storyboard;
			sourceTree = "<group>";
		};
		A3121AC11FC3F2C3009FA204 /* LaunchScreen.storyboard */ = {
			isa = PBXVariantGroup;
			children = (
				A3121AC21FC3F2C3009FA204 /* Base */,
			);
			name = LaunchScreen.storyboard;
			sourceTree = "<group>";
		};
/* End PBXVariantGroup section */

/* Begin XCBuildConfiguration section */
		A3121ADB1FC3F2C3009FA204 /* Debug */ = {
			isa = XCBuildConfiguration;
			buildSettings = {
				ALWAYS_SEARCH_USER_PATHS = NO;
				CLANG_ANALYZER_NONNULL = YES;
				CLANG_CXX_LANGUAGE_STANDARD = "gnu++0x";
				CLANG_CXX_LIBRARY = "libc++";
				CLANG_ENABLE_MODULES = YES;
				CLANG_ENABLE_OBJC_ARC = YES;
				CLANG_WARN_BOOL_CONVERSION = YES;
				CLANG_WARN_CONSTANT_CONVERSION = YES;
				CLANG_WARN_DIRECT_OBJC_ISA_USAGE = YES_ERROR;
				CLANG_WARN_DOCUMENTATION_COMMENTS = YES;
				CLANG_WARN_EMPTY_BODY = YES;
				CLANG_WARN_ENUM_CONVERSION = YES;
				CLANG_WARN_INFINITE_RECURSION = YES;
				CLANG_WARN_INT_CONVERSION = YES;
				CLANG_WARN_OBJC_ROOT_CLASS = YES_ERROR;
				CLANG_WARN_SUSPICIOUS_MOVE = YES;
				CLANG_WARN_UNREACHABLE_CODE = YES;
				CLANG_WARN__DUPLICATE_METHOD_MATCH = YES;
				"CODE_SIGN_IDENTITY[sdk=iphoneos*]" = "iPhone Developer";
				COPY_PHASE_STRIP = NO;
				DEBUG_INFORMATION_FORMAT = dwarf;
				ENABLE_STRICT_OBJC_MSGSEND = YES;
				ENABLE_TESTABILITY = YES;
				GCC_C_LANGUAGE_STANDARD = gnu99;
				GCC_DYNAMIC_NO_PIC = NO;
				GCC_NO_COMMON_BLOCKS = YES;
				GCC_OPTIMIZATION_LEVEL = 0;
				GCC_PREPROCESSOR_DEFINITIONS = (
					"DEBUG=1",
					"$(inherited)",
				);
				GCC_WARN_64_TO_32_BIT_CONVERSION = YES;
				GCC_WARN_ABOUT_RETURN_TYPE = YES_ERROR;
				GCC_WARN_UNDECLARED_SELECTOR = YES;
				GCC_WARN_UNINITIALIZED_AUTOS = YES_AGGRESSIVE;
				GCC_WARN_UNUSED_FUNCTION = YES;
				GCC_WARN_UNUSED_VARIABLE = YES;
				IPHONEOS_DEPLOYMENT_TARGET = 10.2;
				MTL_ENABLE_DEBUG_INFO = YES;
				ONLY_ACTIVE_ARCH = YES;
				SDKROOT = iphoneos;
				SWIFT_ACTIVE_COMPILATION_CONDITIONS = DEBUG;
				SWIFT_OPTIMIZATION_LEVEL = "-Onone";
			};
			name = Debug;
		};
		A3121ADC1FC3F2C3009FA204 /* Release */ = {
			isa = XCBuildConfiguration;
			buildSettings = {
				ALWAYS_SEARCH_USER_PATHS = NO;
				CLANG_ANALYZER_NONNULL = YES;
				CLANG_CXX_LANGUAGE_STANDARD = "gnu++0x";
				CLANG_CXX_LIBRARY = "libc++";
				CLANG_ENABLE_MODULES = YES;
				CLANG_ENABLE_OBJC_ARC = YES;
				CLANG_WARN_BOOL_CONVERSION = YES;
				CLANG_WARN_CONSTANT_CONVERSION = YES;
				CLANG_WARN_DIRECT_OBJC_ISA_USAGE = YES_ERROR;
				CLANG_WARN_DOCUMENTATION_COMMENTS = YES;
				CLANG_WARN_EMPTY_BODY = YES;
				CLANG_WARN_ENUM_CONVERSION = YES;
				CLANG_WARN_INFINITE_RECURSION = YES;
				CLANG_WARN_INT_CONVERSION = YES;
				CLANG_WARN_OBJC_ROOT_CLASS = YES_ERROR;
				CLANG_WARN_SUSPICIOUS_MOVE = YES;
				CLANG_WARN_UNREACHABLE_CODE = YES;
				CLANG_WARN__DUPLICATE_METHOD_MATCH = YES;
				"CODE_SIGN_IDENTITY[sdk=iphoneos*]" = "iPhone Developer";
				COPY_PHASE_STRIP = NO;
				DEBUG_INFORMATION_FORMAT = "dwarf-with-dsym";
				ENABLE_NS_ASSERTIONS = NO;
				ENABLE_STRICT_OBJC_MSGSEND = YES;
				GCC_C_LANGUAGE_STANDARD = gnu99;
				GCC_NO_COMMON_BLOCKS = YES;
				GCC_WARN_64_TO_32_BIT_CONVERSION = YES;
				GCC_WARN_ABOUT_RETURN_TYPE = YES_ERROR;
				GCC_WARN_UNDECLARED_SELECTOR = YES;
				GCC_WARN_UNINITIALIZED_AUTOS = YES_AGGRESSIVE;
				GCC_WARN_UNUSED_FUNCTION = YES;
				GCC_WARN_UNUSED_VARIABLE = YES;
				IPHONEOS_DEPLOYMENT_TARGET = 10.2;
				MTL_ENABLE_DEBUG_INFO = NO;
				SDKROOT = iphoneos;
				SWIFT_OPTIMIZATION_LEVEL = "-Owholemodule";
				VALIDATE_PRODUCT = YES;
			};
			name = Release;
		};
		A3121ADE1FC3F2C3009FA204 /* Debug */ = {
			isa = XCBuildConfiguration;
			baseConfigurationReference = A76D5B7A4DCA7FB09D627FB7 /* Pods-Pinboard.debug.xcconfig */;
			buildSettings = {
				ASSETCATALOG_COMPILER_APPICON_NAME = AppIcon;
				CLANG_ENABLE_MODULES = YES;
				"CODE_SIGN_IDENTITY[sdk=iphoneos*]" = "iPhone Developer";
				DEVELOPMENT_TEAM = 294Y9EE4CG;
				INFOPLIST_FILE = Pinboard/Info.plist;
				IPHONEOS_DEPLOYMENT_TARGET = 8.0;
				LD_RUNPATH_SEARCH_PATHS = "$(inherited) @executable_path/Frameworks";
				PRODUCT_BUNDLE_IDENTIFIER = "Airin-Tech..Pinboard";
				PRODUCT_NAME = "$(TARGET_NAME)";
				SWIFT_OBJC_BRIDGING_HEADER = "Pinboard/Pinboard-Bridging-Header.h";
				SWIFT_OPTIMIZATION_LEVEL = "-Onone";
				SWIFT_VERSION = 3.0;
			};
			name = Debug;
		};
		A3121ADF1FC3F2C3009FA204 /* Release */ = {
			isa = XCBuildConfiguration;
			baseConfigurationReference = 9DC6AEC133F9F3331BBD16E4 /* Pods-Pinboard.release.xcconfig */;
			buildSettings = {
				ASSETCATALOG_COMPILER_APPICON_NAME = AppIcon;
				CLANG_ENABLE_MODULES = YES;
				"CODE_SIGN_IDENTITY[sdk=iphoneos*]" = "iPhone Developer";
				DEVELOPMENT_TEAM = 294Y9EE4CG;
				INFOPLIST_FILE = Pinboard/Info.plist;
				IPHONEOS_DEPLOYMENT_TARGET = 8.0;
				LD_RUNPATH_SEARCH_PATHS = "$(inherited) @executable_path/Frameworks";
				PRODUCT_BUNDLE_IDENTIFIER = "Airin-Tech..Pinboard";
				PRODUCT_NAME = "$(TARGET_NAME)";
				SWIFT_OBJC_BRIDGING_HEADER = "Pinboard/Pinboard-Bridging-Header.h";
				SWIFT_VERSION = 3.0;
			};
			name = Release;
		};
		A3121AE11FC3F2C3009FA204 /* Debug */ = {
			isa = XCBuildConfiguration;
			baseConfigurationReference = 72A2163A11CB9B9CCF8E9361 /* Pods-PinboardTests.debug.xcconfig */;
			buildSettings = {
				ALWAYS_EMBED_SWIFT_STANDARD_LIBRARIES = YES;
				BUNDLE_LOADER = "$(TEST_HOST)";
				DEVELOPMENT_TEAM = 294Y9EE4CG;
				INFOPLIST_FILE = PinboardTests/Info.plist;
				LD_RUNPATH_SEARCH_PATHS = "$(inherited) @executable_path/Frameworks @loader_path/Frameworks";
				PRODUCT_BUNDLE_IDENTIFIER = "Airin-Tech..PinboardTests";
				PRODUCT_NAME = "$(TARGET_NAME)";
				SWIFT_VERSION = 3.0;
				TEST_HOST = "$(BUILT_PRODUCTS_DIR)/Pinboard.app/Pinboard";
			};
			name = Debug;
		};
		A3121AE21FC3F2C3009FA204 /* Release */ = {
			isa = XCBuildConfiguration;
			baseConfigurationReference = E65FC560C73747EF6EC5DF81 /* Pods-PinboardTests.release.xcconfig */;
			buildSettings = {
				ALWAYS_EMBED_SWIFT_STANDARD_LIBRARIES = YES;
				BUNDLE_LOADER = "$(TEST_HOST)";
				DEVELOPMENT_TEAM = 294Y9EE4CG;
				INFOPLIST_FILE = PinboardTests/Info.plist;
				LD_RUNPATH_SEARCH_PATHS = "$(inherited) @executable_path/Frameworks @loader_path/Frameworks";
				PRODUCT_BUNDLE_IDENTIFIER = "Airin-Tech..PinboardTests";
				PRODUCT_NAME = "$(TARGET_NAME)";
				SWIFT_VERSION = 3.0;
				TEST_HOST = "$(BUILT_PRODUCTS_DIR)/Pinboard.app/Pinboard";
			};
			name = Release;
		};
		A3121AE41FC3F2C3009FA204 /* Debug */ = {
			isa = XCBuildConfiguration;
			baseConfigurationReference = 4C185FC6A119FB6791DB9F72 /* Pods-PinboardUITests.debug.xcconfig */;
			buildSettings = {
				ALWAYS_EMBED_SWIFT_STANDARD_LIBRARIES = YES;
				DEVELOPMENT_TEAM = 294Y9EE4CG;
				INFOPLIST_FILE = PinboardUITests/Info.plist;
				LD_RUNPATH_SEARCH_PATHS = "$(inherited) @executable_path/Frameworks @loader_path/Frameworks";
				PRODUCT_BUNDLE_IDENTIFIER = "Airin-Tech..PinboardUITests";
				PRODUCT_NAME = "$(TARGET_NAME)";
				SWIFT_VERSION = 3.0;
				TEST_TARGET_NAME = Pinboard;
			};
			name = Debug;
		};
		A3121AE51FC3F2C3009FA204 /* Release */ = {
			isa = XCBuildConfiguration;
			baseConfigurationReference = 58AA14B8B02A82ACDECD675B /* Pods-PinboardUITests.release.xcconfig */;
			buildSettings = {
				ALWAYS_EMBED_SWIFT_STANDARD_LIBRARIES = YES;
				DEVELOPMENT_TEAM = 294Y9EE4CG;
				INFOPLIST_FILE = PinboardUITests/Info.plist;
				LD_RUNPATH_SEARCH_PATHS = "$(inherited) @executable_path/Frameworks @loader_path/Frameworks";
				PRODUCT_BUNDLE_IDENTIFIER = "Airin-Tech..PinboardUITests";
				PRODUCT_NAME = "$(TARGET_NAME)";
				SWIFT_VERSION = 3.0;
				TEST_TARGET_NAME = Pinboard;
			};
			name = Release;
		};
/* End XCBuildConfiguration section */

/* Begin XCConfigurationList section */
		A3121AB01FC3F2C3009FA204 /* Build configuration list for PBXProject "Pinboard" */ = {
			isa = XCConfigurationList;
			buildConfigurations = (
				A3121ADB1FC3F2C3009FA204 /* Debug */,
				A3121ADC1FC3F2C3009FA204 /* Release */,
			);
			defaultConfigurationIsVisible = 0;
			defaultConfigurationName = Release;
		};
		A3121ADD1FC3F2C3009FA204 /* Build configuration list for PBXNativeTarget "Pinboard" */ = {
			isa = XCConfigurationList;
			buildConfigurations = (
				A3121ADE1FC3F2C3009FA204 /* Debug */,
				A3121ADF1FC3F2C3009FA204 /* Release */,
			);
			defaultConfigurationIsVisible = 0;
			defaultConfigurationName = Release;
		};
		A3121AE01FC3F2C3009FA204 /* Build configuration list for PBXNativeTarget "PinboardTests" */ = {
			isa = XCConfigurationList;
			buildConfigurations = (
				A3121AE11FC3F2C3009FA204 /* Debug */,
				A3121AE21FC3F2C3009FA204 /* Release */,
			);
			defaultConfigurationIsVisible = 0;
			defaultConfigurationName = Release;
		};
		A3121AE31FC3F2C3009FA204 /* Build configuration list for PBXNativeTarget "PinboardUITests" */ = {
			isa = XCConfigurationList;
			buildConfigurations = (
				A3121AE41FC3F2C3009FA204 /* Debug */,
				A3121AE51FC3F2C3009FA204 /* Release */,
			);
			defaultConfigurationIsVisible = 0;
			defaultConfigurationName = Release;
		};
/* End XCConfigurationList section */
	};
	rootObject = A3121AAD1FC3F2C3009FA204 /* Project object */;
}
